{
    "_readme": [
        "This file locks the dependencies of your project to a known state",
        "Read more about it at https://getcomposer.org/doc/01-basic-usage.md#installing-dependencies",
        "This file is @generated automatically"
    ],
    "content-hash": "4addeedc8b075cd8585fc941906d3655",
    "packages": [
        {
            "name": "justinrainbow/json-schema",
            "version": "6.6.0",
            "source": {
                "type": "git",
                "url": "https://github.com/jsonrainbow/json-schema.git",
                "reference": "68ba7677532803cc0c5900dd5a4d730537f2b2f3"
            },
            "dist": {
                "type": "zip",
                "url": "https://api.github.com/repos/jsonrainbow/json-schema/zipball/68ba7677532803cc0c5900dd5a4d730537f2b2f3",
                "reference": "68ba7677532803cc0c5900dd5a4d730537f2b2f3",
                "shasum": ""
            },
            "require": {
                "ext-json": "*",
                "marc-mabe/php-enum": "^4.0",
                "php": "^7.2 || ^8.0"
            },
            "require-dev": {
                "friendsofphp/php-cs-fixer": "3.3.0",
                "json-schema/json-schema-test-suite": "^23.2",
                "marc-mabe/php-enum-phpstan": "^2.0",
                "phpspec/prophecy": "^1.19",
                "phpstan/phpstan": "^1.12",
                "phpunit/phpunit": "^8.5"
            },
            "bin": [
                "bin/validate-json"
            ],
            "type": "library",
            "extra": {
                "branch-alias": {
                    "dev-master": "6.x-dev"
                }
            },
            "autoload": {
                "psr-4": {
                    "JsonSchema\\": "src/JsonSchema/"
                }
            },
            "notification-url": "https://packagist.org/downloads/",
            "license": [
                "MIT"
            ],
            "authors": [
                {
                    "name": "Bruno Prieto Reis",
                    "email": "bruno.p.reis@gmail.com"
                },
                {
                    "name": "Justin Rainbow",
                    "email": "justin.rainbow@gmail.com"
                },
                {
                    "name": "Igor Wiedler",
                    "email": "igor@wiedler.ch"
                },
                {
                    "name": "Robert Schönthal",
                    "email": "seroscho@googlemail.com"
                }
            ],
            "description": "A library to validate a json schema.",
            "homepage": "https://github.com/jsonrainbow/json-schema",
            "keywords": [
                "json",
                "schema"
            ],
            "support": {
                "issues": "https://github.com/jsonrainbow/json-schema/issues",
                "source": "https://github.com/jsonrainbow/json-schema/tree/6.6.0"
            },
            "time": "2025-10-10T11:34:09+00:00"
        },
        {
            "name": "marc-mabe/php-enum",
            "version": "v4.7.2",
            "source": {
                "type": "git",
                "url": "https://github.com/marc-mabe/php-enum.git",
                "reference": "bb426fcdd65c60fb3638ef741e8782508fda7eef"
            },
            "dist": {
                "type": "zip",
                "url": "https://api.github.com/repos/marc-mabe/php-enum/zipball/bb426fcdd65c60fb3638ef741e8782508fda7eef",
                "reference": "bb426fcdd65c60fb3638ef741e8782508fda7eef",
                "shasum": ""
            },
            "require": {
                "ext-reflection": "*",
                "php": "^7.1 | ^8.0"
            },
            "require-dev": {
                "phpbench/phpbench": "^0.16.10 || ^1.0.4",
                "phpstan/phpstan": "^1.3.1",
                "phpunit/phpunit": "^7.5.20 | ^8.5.22 | ^9.5.11",
                "vimeo/psalm": "^4.17.0 | ^5.26.1"
            },
            "type": "library",
            "extra": {
                "branch-alias": {
                    "dev-3.x": "3.2-dev",
                    "dev-master": "4.7-dev"
                }
            },
            "autoload": {
                "psr-4": {
                    "MabeEnum\\": "src/"
                },
                "classmap": [
                    "stubs/Stringable.php"
                ]
            },
            "notification-url": "https://packagist.org/downloads/",
            "license": [
                "BSD-3-Clause"
            ],
            "authors": [
                {
                    "name": "Marc Bennewitz",
                    "email": "dev@mabe.berlin",
                    "homepage": "https://mabe.berlin/",
                    "role": "Lead"
                }
            ],
            "description": "Simple and fast implementation of enumerations with native PHP",
            "homepage": "https://github.com/marc-mabe/php-enum",
            "keywords": [
                "enum",
                "enum-map",
                "enum-set",
                "enumeration",
                "enumerator",
                "enummap",
                "enumset",
                "map",
                "set",
                "type",
                "type-hint",
                "typehint"
            ],
            "support": {
                "issues": "https://github.com/marc-mabe/php-enum/issues",
                "source": "https://github.com/marc-mabe/php-enum/tree/v4.7.2"
            },
            "time": "2025-09-14T11:18:39+00:00"
        },
        {
            "name": "phpmailer/phpmailer",
            "version": "v7.0.0",
            "source": {
                "type": "git",
                "url": "https://github.com/PHPMailer/PHPMailer.git",
                "reference": "c7111310c6116ba508a6a170a89eaaed2129bd42"
            },
            "dist": {
                "type": "zip",
                "url": "https://api.github.com/repos/PHPMailer/PHPMailer/zipball/c7111310c6116ba508a6a170a89eaaed2129bd42",
                "reference": "c7111310c6116ba508a6a170a89eaaed2129bd42",
                "shasum": ""
            },
            "require": {
                "ext-ctype": "*",
                "ext-filter": "*",
                "ext-hash": "*",
                "php": ">=5.5.0"
            },
            "require-dev": {
                "dealerdirect/phpcodesniffer-composer-installer": "^1.0",
                "doctrine/annotations": "^1.2.6 || ^1.13.3",
                "php-parallel-lint/php-console-highlighter": "^1.0.0",
                "php-parallel-lint/php-parallel-lint": "^1.3.2",
                "phpcompatibility/php-compatibility": "^9.3.5",
                "roave/security-advisories": "dev-latest",
                "squizlabs/php_codesniffer": "^3.7.2",
                "yoast/phpunit-polyfills": "^1.0.4"
            },
            "suggest": {
                "decomplexity/SendOauth2": "Adapter for using XOAUTH2 authentication",
                "ext-imap": "Needed to support advanced email address parsing according to RFC822",
                "ext-mbstring": "Needed to send email in multibyte encoding charset or decode encoded addresses",
                "ext-openssl": "Needed for secure SMTP sending and DKIM signing",
                "greew/oauth2-azure-provider": "Needed for Microsoft Azure XOAUTH2 authentication",
                "hayageek/oauth2-yahoo": "Needed for Yahoo XOAUTH2 authentication",
                "league/oauth2-google": "Needed for Google XOAUTH2 authentication",
                "psr/log": "For optional PSR-3 debug logging",
                "symfony/polyfill-mbstring": "To support UTF-8 if the Mbstring PHP extension is not enabled (^1.2)",
                "thenetworg/oauth2-azure": "Needed for Microsoft XOAUTH2 authentication"
            },
            "type": "library",
            "autoload": {
                "psr-4": {
                    "PHPMailer\\PHPMailer\\": "src/"
                }
            },
            "notification-url": "https://packagist.org/downloads/",
            "license": [
                "LGPL-2.1-only"
            ],
            "authors": [
                {
                    "name": "Marcus Bointon",
                    "email": "phpmailer@synchromedia.co.uk"
                },
                {
                    "name": "Jim Jagielski",
                    "email": "jimjag@gmail.com"
                },
                {
                    "name": "Andy Prevost",
                    "email": "codeworxtech@users.sourceforge.net"
                },
                {
                    "name": "Brent R. Matzelle"
                }
            ],
            "description": "PHPMailer is a full-featured email creation and transfer class for PHP",
            "support": {
                "issues": "https://github.com/PHPMailer/PHPMailer/issues",
                "source": "https://github.com/PHPMailer/PHPMailer/tree/v7.0.0"
            },
            "funding": [
                {
                    "url": "https://github.com/Synchro",
                    "type": "github"
                }
            ],
            "time": "2025-10-15T16:40:02+00:00"
        },
        {
            "name": "setasign/fpdf",
            "version": "1.8.2",
            "source": {
                "type": "git",
                "url": "https://github.com/Setasign/FPDF.git",
                "reference": "d77904018090c17dc9f3ab6e944679a7a47e710a"
            },
            "dist": {
                "type": "zip",
                "url": "https://api.github.com/repos/Setasign/FPDF/zipball/d77904018090c17dc9f3ab6e944679a7a47e710a",
                "reference": "d77904018090c17dc9f3ab6e944679a7a47e710a",
                "shasum": ""
            },
            "type": "library",
            "autoload": {
                "classmap": [
                    "fpdf.php"
                ]
            },
            "notification-url": "https://packagist.org/downloads/",
            "license": [
                "MIT"
            ],
            "authors": [
                {
                    "name": "Olivier Plathey",
                    "email": "oliver@fpdf.org",
                    "homepage": "http://fpdf.org/"
                }
            ],
            "description": "FPDF is a PHP class which allows to generate PDF files with pure PHP. F from FPDF stands for Free: you may use it for any kind of usage and modify it to suit your needs.",
            "homepage": "http://www.fpdf.org",
            "keywords": [
                "fpdf",
                "pdf"
            ],
            "support": {
                "source": "https://github.com/Setasign/FPDF/tree/1.8.2"
            },
            "time": "2019-12-08T10:32:10+00:00"
        }
    ],
    "packages-dev": [],
    "aliases": [],
    "minimum-stability": "stable",
    "stability-flags": {},
    "prefer-stable": false,
    "prefer-lowest": false,
    "platform": {},
    "platform-dev": {},
    "plugin-api-version": "2.6.0"
}
